
Microsoft Visual Studio Solution File, Format Version 12.00
# Visual Studio Version 16
VisualStudioVersion = 16.0.29728.190
MinimumVisualStudioVersion = 10.0.40219.1
Project("{9A19103F-16F7-4668-BE54-9A1E7A4F7556}") = "Api", "Api\Api.csproj", "{1AED5993-26E3-4989-BD94-48B8CD63BE19}"
EndProject
Project("{FAE04EC0-301F-11D3-BF4B-00C04F79EFBC}") = "Client", "Client\Client.csproj", "{6A824012-3677-4D16-A4D2-946A4568BB2E}"
EndProject
Global
	GlobalSection(SolutionConfigurationPlatforms) = preSolution
		Debug|Any CPU = Debug|Any CPU
		Release|Any CPU = Release|Any CPU
	EndGlobalSection
	GlobalSection(ProjectConfigurationPlatforms) = postSolution
		{1AED5993-26E3-4989-BD94-48B8CD63BE19}.Debug|Any CPU.ActiveCfg = Debug|Any CPU
		{1AED5993-26E3-4989-BD94-48B8CD63BE19}.Debug|Any CPU.Build.0 = Debug|Any CPU
		{1AED5993-26E3-4989-BD94-48B8CD63BE19}.Release|Any CPU.ActiveCfg = Release|Any CPU
		{1AED5993-26E3-4989-BD94-48B8CD63BE19}.Release|Any CPU.Build.0 = Release|Any CPU
		{6A824012-3677-4D16-A4D2-946A4568BB2E}.Debug|Any CPU.ActiveCfg = Debug|Any CPU
		{6A824012-3677-4D16-A4D2-946A4568BB2E}.Release|Any CPU.ActiveCfg = Release|Any CPU
		{6A824012-3677-4D16-A4D2-946A4568BB2E}.Release|Any CPU.Build.0 = Release|Any CPU
	EndGlobalSection
	GlobalSection(SolutionProperties) = preSolution
		HideSolutionNode = FALSE
	EndGlobalSection
	GlobalSection(ExtensibilityGlobals) = postSolution
		SolutionGuid = {1E4A0FDB-5B00-48B5-83DA-805BB2CC3816}
	EndGlobalSection
EndGlobal
